<Solution>
  <Folder Name="/src/">
    <Project Path="../protocol/src/ShuaiTunnel.Protocol/ShuaiTunnel.Protocol.csproj" />
    <Project Path="src/ShuaiTunnel.Client/ShuaiTunnel.Client.csproj" />
    <Project Path="src/ShuaiTunnel.Client.Desktop/ShuaiTunnel.Client.Desktop.csproj" />
  </Folder>
  <Folder Name="/tests/">
    <Project Path="tests/ShuaiTunnel.Client.Tests/ShuaiTunnel.Client.Tests.csproj" />
  </Folder>
</Solution>
