<Solution>
  <Folder Name="/src/">
    <Project Path="../protocol/src/ShuaiTunnel.Protocol/ShuaiTunnel.Protocol.csproj" />
    <Project Path="src/ShuaiTunnel.Server.Data/ShuaiTunnel.Server.Data.csproj" />
    <Project Path="src/ShuaiTunnel.Server.Data.Postgres/ShuaiTunnel.Server.Data.Postgres.csproj" />
    <Project Path="src/ShuaiTunnel.Server.Data.MySql/ShuaiTunnel.Server.Data.MySql.csproj" />
    <Project Path="src/ShuaiTunnel.Server/ShuaiTunnel.Server.csproj" />
  </Folder>
  <Folder Name="/tests/">
    <Project Path="tests/ShuaiTunnel.IntegrationTests/ShuaiTunnel.IntegrationTests.csproj" />
    <Project Path="../protocol/tests/ShuaiTunnel.Protocol.Tests/ShuaiTunnel.Protocol.Tests.csproj" />
  </Folder>
</Solution>
